
Microsoft Visual Studio Solution File, Format Version 12.00
# Visual Studio Version 17
VisualStudioVersion = 17.14.37710.0 d17.14
MinimumVisualStudioVersion = 10.0.40219.1
Project("{FAE04EC0-301F-11D3-BF4B-00C04F79EFBC}") = "PersonalRegister", "PersonalRegister\PersonalRegister.csproj", "{E5C44EBE-8C7B-43EA-8259-960736F82A30}"
EndProject
Global
	GlobalSection(SolutionConfigurationPlatforms) = preSolution
		Debug|Any CPU = Debug|Any CPU
		Release|Any CPU = Release|Any CPU
	EndGlobalSection
	GlobalSection(ProjectConfigurationPlatforms) = postSolution
		{E5C44EBE-8C7B-43EA-8259-960736F82A30}.Debug|Any CPU.ActiveCfg = Debug|Any CPU
		{E5C44EBE-8C7B-43EA-8259-960736F82A30}.Debug|Any CPU.Build.0 = Debug|Any CPU
		{E5C44EBE-8C7B-43EA-8259-960736F82A30}.Release|Any CPU.ActiveCfg = Release|Any CPU
		{E5C44EBE-8C7B-43EA-8259-960736F82A30}.Release|Any CPU.Build.0 = Release|Any CPU
	EndGlobalSection
	GlobalSection(SolutionProperties) = preSolution
		HideSolutionNode = FALSE
	EndGlobalSection
	GlobalSection(ExtensibilityGlobals) = postSolution
		SolutionGuid = {E1FF6E42-1904-444E-A4E7-87C459A67AC6}
	EndGlobalSection
EndGlobal
